
Microsoft Visual Studio Solution File, Format Version 12.00
# Visual Studio 14
VisualStudioVersion = 14.0.25420.1
MinimumVisualStudioVersion = 10.0.40219.1
Project("{8BC9CEB8-8B4A-11D0-8D11-00A0C91BC942}") = "lab1", "lab1\lab1.vcxproj", "{75D866EE-DE49-4B02-84CF-331BEC49AF88}"
EndProject
Project("{8BC9CEB8-8B4A-11D0-8D11-00A0C91BC942}") = "Bai2", "Bai2\Bai2.vcxproj", "{CB9EDCD7-6A83-4B41-A4BC-2D2895AE079D}"
EndProject
Project("{8BC9CEB8-8B4A-11D0-8D11-00A0C91BC942}") = "bai3", "bai3\bai3.vcxproj", "{738CEE4D-A951-4C94-A06C-958B8790BFE6}"
EndProject
Project("{8BC9CEB8-8B4A-11D0-8D11-00A0C91BC942}") = "bai4", "bai4\bai4.vcxproj", "{4A53CCC0-96EE-4610-95A7-EE871DE0B24E}"
EndProject
Project("{8BC9CEB8-8B4A-11D0-8D11-00A0C91BC942}") = "Bai5", "Bai5\Bai5.vcxproj", "{842223ED-EA83-40C4-A7DA-AB947138E52F}"
EndProject
Project("{8BC9CEB8-8B4A-11D0-8D11-00A0C91BC942}") = "Bai6", "Bai6\Bai6.vcxproj", "{8D2FC2D8-FC89-4F92-B00E-A95BF9A86673}"
EndProject
Project("{8BC9CEB8-8B4A-11D0-8D11-00A0C91BC942}") = "bai7", "bai7\bai7.vcxproj", "{F318426D-1956-42C4-AA05-839F81BF3F84}"
EndProject
Project("{8BC9CEB8-8B4A-11D0-8D11-00A0C91BC942}") = "bai8", "bai8\bai8.vcxproj", "{62D165E3-7E23-4EE0-864C-84327BEA85C0}"
EndProject
Project("{8BC9CEB8-8B4A-11D0-8D11-00A0C91BC942}") = "bai9", "bai9\bai9.vcxproj", "{CE41A7DB-1C83-4F2D-8728-A4570AEAAC60}"
EndProject
Project("{8BC9CEB8-8B4A-11D0-8D11-00A0C91BC942}") = "bai10", "bai10\bai10.vcxproj", "{36E47FA4-A56E-4EF2-BDAF-4E73D2EB0C05}"
EndProject
Project("{8BC9CEB8-8B4A-11D0-8D11-00A0C91BC942}") = "bai11", "bai11\bai11.vcxproj", "{AE8E88BE-7DAC-4EF0-AE6F-96EF7E2034B6}"
EndProject
Project("{8BC9CEB8-8B4A-11D0-8D11-00A0C91BC942}") = "bai12", "bai12\bai12.vcxproj", "{8FAC2A45-8C34-444E-9580-BE7EEEEAFCDD}"
EndProject
Project("{8BC9CEB8-8B4A-11D0-8D11-00A0C91BC942}") = "bai15", "bai15\bai15.vcxproj", "{36DF57C5-2349-4F5C-8720-250088F3C3E7}"
EndProject
Project("{8BC9CEB8-8B4A-11D0-8D11-00A0C91BC942}") = "Bai13", "Bai13\Bai13.vcxproj", "{26E9F40D-F7D2-47E0-BE89-C0A7E854D23C}"
EndProject
Project("{8BC9CEB8-8B4A-11D0-8D11-00A0C91BC942}") = "Bai14", "Bai14\Bai14.vcxproj", "{30A924C3-C7D8-4EBB-BF9A-FC10A9577D50}"
EndProject
Global
	GlobalSection(SolutionConfigurationPlatforms) = preSolution
		Debug|x64 = Debug|x64
		Debug|x86 = Debug|x86
		Release|x64 = Release|x64
		Release|x86 = Release|x86
	EndGlobalSection
	GlobalSection(ProjectConfigurationPlatforms) = postSolution
		{75D866EE-DE49-4B02-84CF-331BEC49AF88}.Debug|x64.ActiveCfg = Debug|x64
		{75D866EE-DE49-4B02-84CF-331BEC49AF88}.Debug|x64.Build.0 = Debug|x64
		{75D866EE-DE49-4B02-84CF-331BEC49AF88}.Debug|x86.ActiveCfg = Debug|Win32
		{75D866EE-DE49-4B02-84CF-331BEC49AF88}.Debug|x86.Build.0 = Debug|Win32
		{75D866EE-DE49-4B02-84CF-331BEC49AF88}.Release|x64.ActiveCfg = Release|x64
		{75D866EE-DE49-4B02-84CF-331BEC49AF88}.Release|x64.Build.0 = Release|x64
		{75D866EE-DE49-4B02-84CF-331BEC49AF88}.Release|x86.ActiveCfg = Release|Win32
		{75D866EE-DE49-4B02-84CF-331BEC49AF88}.Release|x86.Build.0 = Release|Win32
		{CB9EDCD7-6A83-4B41-A4BC-2D2895AE079D}.Debug|x64.ActiveCfg = Debug|x64
		{CB9EDCD7-6A83-4B41-A4BC-2D2895AE079D}.Debug|x64.Build.0 = Debug|x64
		{CB9EDCD7-6A83-4B41-A4BC-2D2895AE079D}.Debug|x86.ActiveCfg = Debug|Win32
		{CB9EDCD7-6A83-4B41-A4BC-2D2895AE079D}.Debug|x86.Build.0 = Debug|Win32
		{CB9EDCD7-6A83-4B41-A4BC-2D2895AE079D}.Release|x64.ActiveCfg = Release|x64
		{CB9EDCD7-6A83-4B41-A4BC-2D2895AE079D}.Release|x64.Build.0 = Release|x64
		{CB9EDCD7-6A83-4B41-A4BC-2D2895AE079D}.Release|x86.ActiveCfg = Release|Win32
		{CB9EDCD7-6A83-4B41-A4BC-2D2895AE079D}.Release|x86.Build.0 = Release|Win32
		{738CEE4D-A951-4C94-A06C-958B8790BFE6}.Debug|x64.ActiveCfg = Debug|x64
		{738CEE4D-A951-4C94-A06C-958B8790BFE6}.Debug|x64.Build.0 = Debug|x64
		{738CEE4D-A951-4C94-A06C-958B8790BFE6}.Debug|x86.ActiveCfg = Debug|Win32
		{738CEE4D-A951-4C94-A06C-958B8790BFE6}.Debug|x86.Build.0 = Debug|Win32
		{738CEE4D-A951-4C94-A06C-958B8790BFE6}.Release|x64.ActiveCfg = Release|x64
		{738CEE4D-A951-4C94-A06C-958B8790BFE6}.Release|x64.Build.0 = Release|x64
		{738CEE4D-A951-4C94-A06C-958B8790BFE6}.Release|x86.ActiveCfg = Release|Win32
		{738CEE4D-A951-4C94-A06C-958B8790BFE6}.Release|x86.Build.0 = Release|Win32
		{4A53CCC0-96EE-4610-95A7-EE871DE0B24E}.Debug|x64.ActiveCfg = Debug|x64
		{4A53CCC0-96EE-4610-95A7-EE871DE0B24E}.Debug|x64.Build.0 = Debug|x64
		{4A53CCC0-96EE-4610-95A7-EE871DE0B24E}.Debug|x86.ActiveCfg = Debug|Win32
		{4A53CCC0-96EE-4610-95A7-EE871DE0B24E}.Debug|x86.Build.0 = Debug|Win32
		{4A53CCC0-96EE-4610-95A7-EE871DE0B24E}.Release|x64.ActiveCfg = Release|x64
		{4A53CCC0-96EE-4610-95A7-EE871DE0B24E}.Release|x64.Build.0 = Release|x64
		{4A53CCC0-96EE-4610-95A7-EE871DE0B24E}.Release|x86.ActiveCfg = Release|Win32
		{4A53CCC0-96EE-4610-95A7-EE871DE0B24E}.Release|x86.Build.0 = Release|Win32
		{842223ED-EA83-40C4-A7DA-AB947138E52F}.Debug|x64.ActiveCfg = Debug|x64
		{842223ED-EA83-40C4-A7DA-AB947138E52F}.Debug|x64.Build.0 = Debug|x64
		{842223ED-EA83-40C4-A7DA-AB947138E52F}.Debug|x86.ActiveCfg = Debug|Win32
		{842223ED-EA83-40C4-A7DA-AB947138E52F}.Debug|x86.Build.0 = Debug|Win32
		{842223ED-EA83-40C4-A7DA-AB947138E52F}.Release|x64.ActiveCfg = Release|x64
		{842223ED-EA83-40C4-A7DA-AB947138E52F}.Release|x64.Build.0 = Release|x64
		{842223ED-EA83-40C4-A7DA-AB947138E52F}.Release|x86.ActiveCfg = Release|Win32
		{842223ED-EA83-40C4-A7DA-AB947138E52F}.Release|x86.Build.0 = Release|Win32
		{8D2FC2D8-FC89-4F92-B00E-A95BF9A86673}.Debug|x64.ActiveCfg = Debug|x64
		{8D2FC2D8-FC89-4F92-B00E-A95BF9A86673}.Debug|x64.Build.0 = Debug|x64
		{8D2FC2D8-FC89-4F92-B00E-A95BF9A86673}.Debug|x86.ActiveCfg = Debug|Win32
		{8D2FC2D8-FC89-4F92-B00E-A95BF9A86673}.Debug|x86.Build.0 = Debug|Win32
		{8D2FC2D8-FC89-4F92-B00E-A95BF9A86673}.Release|x64.ActiveCfg = Release|x64
		{8D2FC2D8-FC89-4F92-B00E-A95BF9A86673}.Release|x64.Build.0 = Release|x64
		{8D2FC2D8-FC89-4F92-B00E-A95BF9A86673}.Release|x86.ActiveCfg = Release|Win32
		{8D2FC2D8-FC89-4F92-B00E-A95BF9A86673}.Release|x86.Build.0 = Release|Win32
		{F318426D-1956-42C4-AA05-839F81BF3F84}.Debug|x64.ActiveCfg = Debug|x64
		{F318426D-1956-42C4-AA05-839F81BF3F84}.Debug|x64.Build.0 = Debug|x64
		{F318426D-1956-42C4-AA05-839F81BF3F84}.Debug|x86.ActiveCfg = Debug|Win32
		{F318426D-1956-42C4-AA05-839F81BF3F84}.Debug|x86.Build.0 = Debug|Win32
		{F318426D-1956-42C4-AA05-839F81BF3F84}.Release|x64.ActiveCfg = Release|x64
		{F318426D-1956-42C4-AA05-839F81BF3F84}.Release|x64.Build.0 = Release|x64
		{F318426D-1956-42C4-AA05-839F81BF3F84}.Release|x86.ActiveCfg = Release|Win32
		{F318426D-1956-42C4-AA05-839F81BF3F84}.Release|x86.Build.0 = Release|Win32
		{62D165E3-7E23-4EE0-864C-84327BEA85C0}.Debug|x64.ActiveCfg = Debug|x64
		{62D165E3-7E23-4EE0-864C-84327BEA85C0}.Debug|x64.Build.0 = Debug|x64
		{62D165E3-7E23-4EE0-864C-84327BEA85C0}.Debug|x86.ActiveCfg = Debug|Win32
		{62D165E3-7E23-4EE0-864C-84327BEA85C0}.Debug|x86.Build.0 = Debug|Win32
		{62D165E3-7E23-4EE0-864C-84327BEA85C0}.Release|x64.ActiveCfg = Release|x64
		{62D165E3-7E23-4EE0-864C-84327BEA85C0}.Release|x64.Build.0 = Release|x64
		{62D165E3-7E23-4EE0-864C-84327BEA85C0}.Release|x86.ActiveCfg = Release|Win32
		{62D165E3-7E23-4EE0-864C-84327BEA85C0}.Release|x86.Build.0 = Release|Win32
		{CE41A7DB-1C83-4F2D-8728-A4570AEAAC60}.Debug|x64.ActiveCfg = Debug|x64
		{CE41A7DB-1C83-4F2D-8728-A4570AEAAC60}.Debug|x64.Build.0 = Debug|x64
		{CE41A7DB-1C83-4F2D-8728-A4570AEAAC60}.Debug|x86.ActiveCfg = Debug|Win32
		{CE41A7DB-1C83-4F2D-8728-A4570AEAAC60}.Debug|x86.Build.0 = Debug|Win32
		{CE41A7DB-1C83-4F2D-8728-A4570AEAAC60}.Release|x64.ActiveCfg = Release|x64
		{CE41A7DB-1C83-4F2D-8728-A4570AEAAC60}.Release|x64.Build.0 = Release|x64
		{CE41A7DB-1C83-4F2D-8728-A4570AEAAC60}.Release|x86.ActiveCfg = Release|Win32
		{CE41A7DB-1C83-4F2D-8728-A4570AEAAC60}.Release|x86.Build.0 = Release|Win32
		{36E47FA4-A56E-4EF2-BDAF-4E73D2EB0C05}.Debug|x64.ActiveCfg = Debug|x64
		{36E47FA4-A56E-4EF2-BDAF-4E73D2EB0C05}.Debug|x64.Build.0 = Debug|x64
		{36E47FA4-A56E-4EF2-BDAF-4E73D2EB0C05}.Debug|x86.ActiveCfg = Debug|Win32
		{36E47FA4-A56E-4EF2-BDAF-4E73D2EB0C05}.Debug|x86.Build.0 = Debug|Win32
		{36E47FA4-A56E-4EF2-BDAF-4E73D2EB0C05}.Release|x64.ActiveCfg = Release|x64
		{36E47FA4-A56E-4EF2-BDAF-4E73D2EB0C05}.Release|x64.Build.0 = Release|x64
		{36E47FA4-A56E-4EF2-BDAF-4E73D2EB0C05}.Release|x86.ActiveCfg = Release|Win32
		{36E47FA4-A56E-4EF2-BDAF-4E73D2EB0C05}.Release|x86.Build.0 = Release|Win32
		{AE8E88BE-7DAC-4EF0-AE6F-96EF7E2034B6}.Debug|x64.ActiveCfg = Debug|x64
		{AE8E88BE-7DAC-4EF0-AE6F-96EF7E2034B6}.Debug|x64.Build.0 = Debug|x64
		{AE8E88BE-7DAC-4EF0-AE6F-96EF7E2034B6}.Debug|x86.ActiveCfg = Debug|Win32
		{AE8E88BE-7DAC-4EF0-AE6F-96EF7E2034B6}.Debug|x86.Build.0 = Debug|Win32
		{AE8E88BE-7DAC-4EF0-AE6F-96EF7E2034B6}.Release|x64.ActiveCfg = Release|x64
		{AE8E88BE-7DAC-4EF0-AE6F-96EF7E2034B6}.Release|x64.Build.0 = Release|x64
		{AE8E88BE-7DAC-4EF0-AE6F-96EF7E2034B6}.Release|x86.ActiveCfg = Release|Win32
		{AE8E88BE-7DAC-4EF0-AE6F-96EF7E2034B6}.Release|x86.Build.0 = Release|Win32
		{8FAC2A45-8C34-444E-9580-BE7EEEEAFCDD}.Debug|x64.ActiveCfg = Debug|x64
		{8FAC2A45-8C34-444E-9580-BE7EEEEAFCDD}.Debug|x64.Build.0 = Debug|x64
		{8FAC2A45-8C34-444E-9580-BE7EEEEAFCDD}.Debug|x86.ActiveCfg = Debug|Win32
		{8FAC2A45-8C34-444E-9580-BE7EEEEAFCDD}.Debug|x86.Build.0 = Debug|Win32
		{8FAC2A45-8C34-444E-9580-BE7EEEEAFCDD}.Release|x64.ActiveCfg = Release|x64
		{8FAC2A45-8C34-444E-9580-BE7EEEEAFCDD}.Release|x64.Build.0 = Release|x64
		{8FAC2A45-8C34-444E-9580-BE7EEEEAFCDD}.Release|x86.ActiveCfg = Release|Win32
		{8FAC2A45-8C34-444E-9580-BE7EEEEAFCDD}.Release|x86.Build.0 = Release|Win32
		{36DF57C5-2349-4F5C-8720-250088F3C3E7}.Debug|x64.ActiveCfg = Debug|x64
		{36DF57C5-2349-4F5C-8720-250088F3C3E7}.Debug|x64.Build.0 = Debug|x64
		{36DF57C5-2349-4F5C-8720-250088F3C3E7}.Debug|x86.ActiveCfg = Debug|Win32
		{36DF57C5-2349-4F5C-8720-250088F3C3E7}.Debug|x86.Build.0 = Debug|Win32
		{36DF57C5-2349-4F5C-8720-250088F3C3E7}.Release|x64.ActiveCfg = Release|x64
		{36DF57C5-2349-4F5C-8720-250088F3C3E7}.Release|x64.Build.0 = Release|x64
		{36DF57C5-2349-4F5C-8720-250088F3C3E7}.Release|x86.ActiveCfg = Release|Win32
		{36DF57C5-2349-4F5C-8720-250088F3C3E7}.Release|x86.Build.0 = Release|Win32
		{26E9F40D-F7D2-47E0-BE89-C0A7E854D23C}.Debug|x64.ActiveCfg = Debug|x64
		{26E9F40D-F7D2-47E0-BE89-C0A7E854D23C}.Debug|x64.Build.0 = Debug|x64
		{26E9F40D-F7D2-47E0-BE89-C0A7E854D23C}.Debug|x86.ActiveCfg = Debug|Win32
		{26E9F40D-F7D2-47E0-BE89-C0A7E854D23C}.Debug|x86.Build.0 = Debug|Win32
		{26E9F40D-F7D2-47E0-BE89-C0A7E854D23C}.Release|x64.ActiveCfg = Release|x64
		{26E9F40D-F7D2-47E0-BE89-C0A7E854D23C}.Release|x64.Build.0 = Release|x64
		{26E9F40D-F7D2-47E0-BE89-C0A7E854D23C}.Release|x86.ActiveCfg = Release|Win32
		{26E9F40D-F7D2-47E0-BE89-C0A7E854D23C}.Release|x86.Build.0 = Release|Win32
		{30A924C3-C7D8-4EBB-BF9A-FC10A9577D50}.Debug|x64.ActiveCfg = Debug|x64
		{30A924C3-C7D8-4EBB-BF9A-FC10A9577D50}.Debug|x64.Build.0 = Debug|x64
		{30A924C3-C7D8-4EBB-BF9A-FC10A9577D50}.Debug|x86.ActiveCfg = Debug|Win32
		{30A924C3-C7D8-4EBB-BF9A-FC10A9577D50}.Debug|x86.Build.0 = Debug|Win32
		{30A924C3-C7D8-4EBB-BF9A-FC10A9577D50}.Release|x64.ActiveCfg = Release|x64
		{30A924C3-C7D8-4EBB-BF9A-FC10A9577D50}.Release|x64.Build.0 = Release|x64
		{30A924C3-C7D8-4EBB-BF9A-FC10A9577D50}.Release|x86.ActiveCfg = Release|Win32
		{30A924C3-C7D8-4EBB-BF9A-FC10A9577D50}.Release|x86.Build.0 = Release|Win32
	EndGlobalSection
	GlobalSection(SolutionProperties) = preSolution
		HideSolutionNode = FALSE
	EndGlobalSection
EndGlobal
